{
  "originHash" : "234a3026c0213ca754cb989d8ff5a399cbe706903f5b6ebcda81eedd1f6f2fd7",
  "pins" : [
    {
      "identity" : "swift-syntax",
      "kind" : "remoteSourceControl",
      "location" : "https://github.com/apple/swift-syntax.git",
      "state" : {
        "revision" : "515f79b522918f83483068d99c68daeb5116342d",
        "version" : "600.0.0-prerelease-2024-08-14"
      }
    }
  ],
  "version" : 3
}
